// !$*UTF8*$!
{
	archiveVersion = 1;
	classes = {
	};
	objectVersion = 50;
	objects = {

/* Begin PBXBuildFile section */
		92CDB1FF2475DCDE006E7401 /* imseal_ios.framework in Frameworks */ = {isa = PBXBuildFile; fileRef = 92E92F232473251400762F49 /* imseal_ios.framework */; };
		92E92F362473253900762F49 /* AppDelegate.m in Sources */ = {isa = PBXBuildFile; fileRef = 92E92F352473253900762F49 /* AppDelegate.m */; };
		92E92F392473253900762F49 /* SceneDelegate.m in Sources */ = {isa = PBXBuildFile; fileRef = 92E92F382473253900762F49 /* SceneDelegate.m */; };
		92E92F3C2473253900762F49 /* ViewController.m in Sources */ = {isa = PBXBuildFile; fileRef = 92E92F3B2473253900762F49 /* ViewController.m */; };
		92E92F3F2473253900762F49 /* Main.storyboard in Resources */ = {isa = PBXBuildFile; fileRef = 92E92F3D2473253900762F49 /* Main.storyboard */; };
		92E92F412473253A00762F49 /* Assets.xcassets in Resources */ = {isa = PBXBuildFile; fileRef = 92E92F402473253A00762F49 /* Assets.xcassets */; };
		92E92F442473253A00762F49 /* LaunchScreen.storyboard in Resources */ = {isa = PBXBuildFile; fileRef = 92E92F422473253A00762F49 /* LaunchScreen.storyboard */; };
		92E92F472473253B00762F49 /* main.m in Sources */ = {isa = PBXBuildFile; fileRef = 92E92F462473253B00762F49 /* main.m */; };
		CD225A4EB61B775B40E3A535 /* libPods-imseal-testapp.a in Frameworks */ = {isa = PBXBuildFile; fileRef = E6C78F4908A25443AAFF42F6 /* libPods-imseal-testapp.a */; };
		CDE6D802F5B64D47B5A64753 /* libPods-imseal-ios.a in Frameworks */ = {isa = PBXBuildFile; fileRef = 74EABCE2602A60EBF347906B /* libPods-imseal-ios.a */; };
/* End PBXBuildFile section */

/* Begin PBXContainerItemProxy section */
		92CDB2012475DCDE006E7401 /* PBXContainerItemProxy */ = {
			isa = PBXContainerItemProxy;
			containerPortal = 92E92F1A2473251300762F49 /* Project object */;
			proxyType = 1;
			remoteGlobalIDString = 92E92F222473251400762F49;
			remoteInfo = "imseal-ios";
		};
/* End PBXContainerItemProxy section */

/* Begin PBXFileReference section */
		670584EC77A8D22B0DD4A4AB /* Pods-imseal-testapp.debug.xcconfig */ = {isa = PBXFileReference; includeInIndex = 1; lastKnownFileType = text.xcconfig; name = "Pods-imseal-testapp.debug.xcconfig"; path = "Pods/Target Support Files/Pods-imseal-testapp/Pods-imseal-testapp.debug.xcconfig"; sourceTree = "<group>"; };
		74EABCE2602A60EBF347906B /* libPods-imseal-ios.a */ = {isa = PBXFileReference; explicitFileType = archive.ar; includeInIndex = 0; path = "libPods-imseal-ios.a"; sourceTree = BUILT_PRODUCTS_DIR; };
		923BBA56C31E2CC5FCE462A7 /* Pods-imseal-ios.release.xcconfig */ = {isa = PBXFileReference; includeInIndex = 1; lastKnownFileType = text.xcconfig; name = "Pods-imseal-ios.release.xcconfig"; path = "Pods/Target Support Files/Pods-imseal-ios/Pods-imseal-ios.release.xcconfig"; sourceTree = "<group>"; };
		92E92F232473251400762F49 /* imseal_ios.framework */ = {isa = PBXFileReference; explicitFileType = wrapper.framework; includeInIndex = 0; path = imseal_ios.framework; sourceTree = BUILT_PRODUCTS_DIR; };
		92E92F322473253900762F49 /* imseal-testapp.app */ = {isa = PBXFileReference; explicitFileType = wrapper.application; includeInIndex = 0; path = "imseal-testapp.app"; sourceTree = BUILT_PRODUCTS_DIR; };
		92E92F342473253900762F49 /* AppDelegate.h */ = {isa = PBXFileReference; lastKnownFileType = sourcecode.c.h; path = AppDelegate.h; sourceTree = "<group>"; };
		92E92F352473253900762F49 /* AppDelegate.m */ = {isa = PBXFileReference; lastKnownFileType = sourcecode.c.objc; path = AppDelegate.m; sourceTree = "<group>"; };
		92E92F372473253900762F49 /* SceneDelegate.h */ = {isa = PBXFileReference; lastKnownFileType = sourcecode.c.h; path = SceneDelegate.h; sourceTree = "<group>"; };
		92E92F382473253900762F49 /* SceneDelegate.m */ = {isa = PBXFileReference; lastKnownFileType = sourcecode.c.objc; path = SceneDelegate.m; sourceTree = "<group>"; };
		92E92F3A2473253900762F49 /* ViewController.h */ = {isa = PBXFileReference; lastKnownFileType = sourcecode.c.h; path = ViewController.h; sourceTree = "<group>"; };
		92E92F3B2473253900762F49 /* ViewController.m */ = {isa = PBXFileReference; lastKnownFileType = sourcecode.c.objc; path = ViewController.m; sourceTree = "<group>"; };
		92E92F3E2473253900762F49 /* Base */ = {isa = PBXFileReference; lastKnownFileType = file.storyboard; name = Base; path = Base.lproj/Main.storyboard; sourceTree = "<group>"; };
		92E92F402473253A00762F49 /* Assets.xcassets */ = {isa = PBXFileReference; lastKnownFileType = folder.assetcatalog; path = Assets.xcassets; sourceTree = "<group>"; };
		92E92F432473253A00762F49 /* Base */ = {isa = PBXFileReference; lastKnownFileType = file.storyboard; name = Base; path = Base.lproj/LaunchScreen.storyboard; sourceTree = "<group>"; };
		92E92F452473253B00762F49 /* Info.plist */ = {isa = PBXFileReference; lastKnownFileType = text.plist.xml; path = Info.plist; sourceTree = "<group>"; };
		92E92F462473253B00762F49 /* main.m */ = {isa = PBXFileReference; lastKnownFileType = sourcecode.c.objc; path = main.m; sourceTree = "<group>"; };
		AC386031E121878579F81B8F /* Pods-imseal-ios.debug.xcconfig */ = {isa = PBXFileReference; includeInIndex = 1; lastKnownFileType = text.xcconfig; name = "Pods-imseal-ios.debug.xcconfig"; path = "Pods/Target Support Files/Pods-imseal-ios/Pods-imseal-ios.debug.xcconfig"; sourceTree = "<group>"; };
		C1261992B6B3E778606C748D /* Pods-imseal-testapp.release.xcconfig */ = {isa = PBXFileReference; includeInIndex = 1; lastKnownFileType = text.xcconfig; name = "Pods-imseal-testapp.release.xcconfig"; path = "Pods/Target Support Files/Pods-imseal-testapp/Pods-imseal-testapp.release.xcconfig"; sourceTree = "<group>"; };
		E6C78F4908A25443AAFF42F6 /* libPods-imseal-testapp.a */ = {isa = PBXFileReference; explicitFileType = archive.ar; includeInIndex = 0; path = "libPods-imseal-testapp.a"; sourceTree = BUILT_PRODUCTS_DIR; };
/* End PBXFileReference section */

/* Begin PBXFrameworksBuildPhase section */
		92E92F202473251400762F49 /* Frameworks */ = {
			isa = PBXFrameworksBuildPhase;
			buildActionMask = 2147483647;
			files = (
				CDE6D802F5B64D47B5A64753 /* libPods-imseal-ios.a in Frameworks */,
			);
			runOnlyForDeploymentPostprocessing = 0;
		};
		92E92F2F2473253900762F49 /* Frameworks */ = {
			isa = PBXFrameworksBuildPhase;
			buildActionMask = 2147483647;
			files = (
				92CDB1FF2475DCDE006E7401 /* imseal_ios.framework in Frameworks */,
				CD225A4EB61B775B40E3A535 /* libPods-imseal-testapp.a in Frameworks */,
			);
			runOnlyForDeploymentPostprocessing = 0;
		};
/* End PBXFrameworksBuildPhase section */

/* Begin PBXGroup section */
		92CDB1FE2475DCDE006E7401 /* Frameworks */ = {
			isa = PBXGroup;
			children = (
				74EABCE2602A60EBF347906B /* libPods-imseal-ios.a */,
				E6C78F4908A25443AAFF42F6 /* libPods-imseal-testapp.a */,
			);
			name = Frameworks;
			sourceTree = "<group>";
		};
		92E92F192473251300762F49 = {
			isa = PBXGroup;
			children = (
				92E92F332473253900762F49 /* imseal-testapp */,
				92E92F242473251400762F49 /* Products */,
				92CDB1FE2475DCDE006E7401 /* Frameworks */,
				D8E27CFD724FC39645D6B63C /* Pods */,
			);
			sourceTree = "<group>";
		};
		92E92F242473251400762F49 /* Products */ = {
			isa = PBXGroup;
			children = (
				92E92F232473251400762F49 /* imseal_ios.framework */,
				92E92F322473253900762F49 /* imseal-testapp.app */,
			);
			name = Products;
			sourceTree = "<group>";
		};
		92E92F332473253900762F49 /* imseal-testapp */ = {
			isa = PBXGroup;
			children = (
				92E92F342473253900762F49 /* AppDelegate.h */,
				92E92F352473253900762F49 /* AppDelegate.m */,
				92E92F372473253900762F49 /* SceneDelegate.h */,
				92E92F382473253900762F49 /* SceneDelegate.m */,
				92E92F3A2473253900762F49 /* ViewController.h */,
				92E92F3B2473253900762F49 /* ViewController.m */,
				92E92F3D2473253900762F49 /* Main.storyboard */,
				92E92F402473253A00762F49 /* Assets.xcassets */,
				92E92F422473253A00762F49 /* LaunchScreen.storyboard */,
				92E92F452473253B00762F49 /* Info.plist */,
				92E92F462473253B00762F49 /* main.m */,
			);
			path = "imseal-testapp";
			sourceTree = "<group>";
		};
		D8E27CFD724FC39645D6B63C /* Pods */ = {
			isa = PBXGroup;
			children = (
				AC386031E121878579F81B8F /* Pods-imseal-ios.debug.xcconfig */,
				923BBA56C31E2CC5FCE462A7 /* Pods-imseal-ios.release.xcconfig */,
				670584EC77A8D22B0DD4A4AB /* Pods-imseal-testapp.debug.xcconfig */,
				C1261992B6B3E778606C748D /* Pods-imseal-testapp.release.xcconfig */,
			);
			name = Pods;
			sourceTree = "<group>";
		};
/* End PBXGroup section */

/* Begin PBXHeadersBuildPhase section */
		92E92F1E2473251400762F49 /* Headers */ = {
			isa = PBXHeadersBuildPhase;
			buildActionMask = 2147483647;
			files = (
			);
			runOnlyForDeploymentPostprocessing = 0;
		};
/* End PBXHeadersBuildPhase section */

/* Begin PBXNativeTarget section */
		92E92F222473251400762F49 /* imseal-ios */ = {
			isa = PBXNativeTarget;
			buildConfigurationList = 92E92F2B2473251400762F49 /* Build configuration list for PBXNativeTarget "imseal-ios" */;
			buildPhases = (
				2D57FE2FEC087714D40F8D3D /* [CP] Check Pods Manifest.lock */,
				92E92F1E2473251400762F49 /* Headers */,
				92E92F1F2473251400762F49 /* Sources */,
				92E92F202473251400762F49 /* Frameworks */,
				92E92F212473251400762F49 /* Resources */,
			);
			buildRules = (
			);
			dependencies = (
			);
			name = "imseal-ios";
			productName = "imseal-ios";
			productReference = 92E92F232473251400762F49 /* imseal_ios.framework */;
			productType = "com.apple.product-type.framework";
		};
		92E92F312473253900762F49 /* imseal-testapp */ = {
			isa = PBXNativeTarget;
			buildConfigurationList = 92E92F482473253B00762F49 /* Build configuration list for PBXNativeTarget "imseal-testapp" */;
			buildPhases = (
				B6A1EEBAA82012E25FA40085 /* [CP] Check Pods Manifest.lock */,
				92E92F2E2473253900762F49 /* Sources */,
				92E92F2F2473253900762F49 /* Frameworks */,
				92E92F302473253900762F49 /* Resources */,
			);
			buildRules = (
			);
			dependencies = (
				92CDB2022475DCDE006E7401 /* PBXTargetDependency */,
			);
			name = "imseal-testapp";
			productName = "imseal-testapp";
			productReference = 92E92F322473253900762F49 /* imseal-testapp.app */;
			productType = "com.apple.product-type.application";
		};
/* End PBXNativeTarget section */

/* Begin PBXProject section */
		92E92F1A2473251300762F49 /* Project object */ = {
			isa = PBXProject;
			attributes = {
				LastUpgradeCheck = 1130;
				ORGANIZATIONNAME = foreza;
				TargetAttributes = {
					92E92F222473251400762F49 = {
						CreatedOnToolsVersion = 11.3.1;
					};
					92E92F312473253900762F49 = {
						CreatedOnToolsVersion = 11.3.1;
					};
				};
			};
			buildConfigurationList = 92E92F1D2473251300762F49 /* Build configuration list for PBXProject "imseal-ios" */;
			compatibilityVersion = "Xcode 9.3";
			developmentRegion = en;
			hasScannedForEncodings = 0;
			knownRegions = (
				en,
				Base,
			);
			mainGroup = 92E92F192473251300762F49;
			productRefGroup = 92E92F242473251400762F49 /* Products */;
			projectDirPath = "";
			projectRoot = "";
			targets = (
				92E92F222473251400762F49 /* imseal-ios */,
				92E92F312473253900762F49 /* imseal-testapp */,
			);
		};
/* End PBXProject section */

/* Begin PBXResourcesBuildPhase section */
		92E92F212473251400762F49 /* Resources */ = {
			isa = PBXResourcesBuildPhase;
			buildActionMask = 2147483647;
			files = (
			);
			runOnlyForDeploymentPostprocessing = 0;
		};
		92E92F302473253900762F49 /* Resources */ = {
			isa = PBXResourcesBuildPhase;
			buildActionMask = 2147483647;
			files = (
				92E92F442473253A00762F49 /* LaunchScreen.storyboard in Resources */,
				92E92F412473253A00762F49 /* Assets.xcassets in Resources */,
				92E92F3F2473253900762F49 /* Main.storyboard in Resources */,
			);
			runOnlyForDeploymentPostprocessing = 0;
		};
/* End PBXResourcesBuildPhase section */

/* Begin PBXShellScriptBuildPhase section */
		2D57FE2FEC087714D40F8D3D /* [CP] Check Pods Manifest.lock */ = {
			isa = PBXShellScriptBuildPhase;
			buildActionMask = 2147483647;
			files = (
			);
			inputPaths = (
				"${PODS_PODFILE_DIR_PATH}/Podfile.lock",
				"${PODS_ROOT}/Manifest.lock",
			);
			name = "[CP] Check Pods Manifest.lock";
			outputPaths = (
				"$(DERIVED_FILE_DIR)/Pods-imseal-ios-checkManifestLockResult.txt",
			);
			runOnlyForDeploymentPostprocessing = 0;
			shellPath = /bin/sh;
			shellScript = "diff \"${PODS_PODFILE_DIR_PATH}/Podfile.lock\" \"${PODS_ROOT}/Manifest.lock\" > /dev/null\nif [ $? != 0 ] ; then\n    # print error to STDERR\n    echo \"error: The sandbox is not in sync with the Podfile.lock. Run 'pod install' or update your CocoaPods installation.\" >&2\n    exit 1\nfi\n# This output is used by Xcode 'outputs' to avoid re-running this script phase.\necho \"SUCCESS\" > \"${SCRIPT_OUTPUT_FILE_0}\"\n";
			showEnvVarsInLog = 0;
		};
		B6A1EEBAA82012E25FA40085 /* [CP] Check Pods Manifest.lock */ = {
			isa = PBXShellScriptBuildPhase;
			buildActionMask = 2147483647;
			files = (
			);
			inputPaths = (
				"${PODS_PODFILE_DIR_PATH}/Podfile.lock",
				"${PODS_ROOT}/Manifest.lock",
			);
			name = "[CP] Check Pods Manifest.lock";
			outputPaths = (
				"$(DERIVED_FILE_DIR)/Pods-imseal-testapp-checkManifestLockResult.txt",
			);
			runOnlyForDeploymentPostprocessing = 0;
			shellPath = /bin/sh;
			shellScript = "diff \"${PODS_PODFILE_DIR_PATH}/Podfile.lock\" \"${PODS_ROOT}/Manifest.lock\" > /dev/null\nif [ $? != 0 ] ; then\n    # print error to STDERR\n    echo \"error: The sandbox is not in sync with the Podfile.lock. Run 'pod install' or update your CocoaPods installation.\" >&2\n    exit 1\nfi\n# This output is used by Xcode 'outputs' to avoid re-running this script phase.\necho \"SUCCESS\" > \"${SCRIPT_OUTPUT_FILE_0}\"\n";
			showEnvVarsInLog = 0;
		};
/* End PBXShellScriptBuildPhase section */

/* Begin PBXSourcesBuildPhase section */
		92E92F1F2473251400762F49 /* Sources */ = {
			isa = PBXSourcesBuildPhase;
			buildActionMask = 2147483647;
			files = (
			);
			runOnlyForDeploymentPostprocessing = 0;
		};
		92E92F2E2473253900762F49 /* Sources */ = {
			isa = PBXSourcesBuildPhase;
			buildActionMask = 2147483647;
			files = (
				92E92F3C2473253900762F49 /* ViewController.m in Sources */,
				92E92F362473253900762F49 /* AppDelegate.m in Sources */,
				92E92F472473253B00762F49 /* main.m in Sources */,
				92E92F392473253900762F49 /* SceneDelegate.m in Sources */,
			);
			runOnlyForDeploymentPostprocessing = 0;
		};
/* End PBXSourcesBuildPhase section */

/* Begin PBXTargetDependency section */
		92CDB2022475DCDE006E7401 /* PBXTargetDependency */ = {
			isa = PBXTargetDependency;
			target = 92E92F222473251400762F49 /* imseal-ios */;
			targetProxy = 92CDB2012475DCDE006E7401 /* PBXContainerItemProxy */;
		};
/* End PBXTargetDependency section */

/* Begin PBXVariantGroup section */
		92E92F3D2473253900762F49 /* Main.storyboard */ = {
			isa = PBXVariantGroup;
			children = (
				92E92F3E2473253900762F49 /* Base */,
			);
			name = Main.storyboard;
			sourceTree = "<group>";
		};
		92E92F422473253A00762F49 /* LaunchScreen.storyboard */ = {
			isa = PBXVariantGroup;
			children = (
				92E92F432473253A00762F49 /* Base */,
			);
			name = LaunchScreen.storyboard;
			sourceTree = "<group>";
		};
/* End PBXVariantGroup section */

/* Begin XCBuildConfiguration section */
		92E92F292473251400762F49 /* Debug */ = {
			isa = XCBuildConfiguration;
			buildSettings = {
				ALWAYS_SEARCH_USER_PATHS = NO;
				CLANG_ANALYZER_NONNULL = YES;
				CLANG_ANALYZER_NUMBER_OBJECT_CONVERSION = YES_AGGRESSIVE;
				CLANG_CXX_LANGUAGE_STANDARD = "gnu++14";
				CLANG_CXX_LIBRARY = "libc++";
				CLANG_ENABLE_MODULES = YES;
				CLANG_ENABLE_OBJC_ARC = YES;
				CLANG_ENABLE_OBJC_WEAK = YES;
				CLANG_WARN_BLOCK_CAPTURE_AUTORELEASING = YES;
				CLANG_WARN_BOOL_CONVERSION = YES;
				CLANG_WARN_COMMA = YES;
				CLANG_WARN_CONSTANT_CONVERSION = YES;
				CLANG_WARN_DEPRECATED_OBJC_IMPLEMENTATIONS = YES;
				CLANG_WARN_DIRECT_OBJC_ISA_USAGE = YES_ERROR;
				CLANG_WARN_DOCUMENTATION_COMMENTS = YES;
				CLANG_WARN_EMPTY_BODY = YES;
				CLANG_WARN_ENUM_CONVERSION = YES;
				CLANG_WARN_INFINITE_RECURSION = YES;
				CLANG_WARN_INT_CONVERSION = YES;
				CLANG_WARN_NON_LITERAL_NULL_CONVERSION = YES;
				CLANG_WARN_OBJC_IMPLICIT_RETAIN_SELF = YES;
				CLANG_WARN_OBJC_LITERAL_CONVERSION = YES;
				CLANG_WARN_OBJC_ROOT_CLASS = YES_ERROR;
				CLANG_WARN_RANGE_LOOP_ANALYSIS = YES;
				CLANG_WARN_STRICT_PROTOTYPES = YES;
				CLANG_WARN_SUSPICIOUS_MOVE = YES;
				CLANG_WARN_UNGUARDED_AVAILABILITY = YES_AGGRESSIVE;
				CLANG_WARN_UNREACHABLE_CODE = YES;
				CLANG_WARN__DUPLICATE_METHOD_MATCH = YES;
				COPY_PHASE_STRIP = NO;
				CURRENT_PROJECT_VERSION = 1;
				DEBUG_INFORMATION_FORMAT = dwarf;
				ENABLE_STRICT_OBJC_MSGSEND = YES;
				ENABLE_TESTABILITY = YES;
				GCC_C_LANGUAGE_STANDARD = gnu11;
				GCC_DYNAMIC_NO_PIC = NO;
				GCC_NO_COMMON_BLOCKS = YES;
				GCC_OPTIMIZATION_LEVEL = 0;
				GCC_PREPROCESSOR_DEFINITIONS = (
					"DEBUG=1",
					"$(inherited)",
				);
				GCC_WARN_64_TO_32_BIT_CONVERSION = YES;
				GCC_WARN_ABOUT_RETURN_TYPE = YES_ERROR;
				GCC_WARN_UNDECLARED_SELECTOR = YES;
				GCC_WARN_UNINITIALIZED_AUTOS = YES_AGGRESSIVE;
				GCC_WARN_UNUSED_FUNCTION = YES;
				GCC_WARN_UNUSED_VARIABLE = YES;
				IPHONEOS_DEPLOYMENT_TARGET = 13.2;
				MTL_ENABLE_DEBUG_INFO = INCLUDE_SOURCE;
				MTL_FAST_MATH = YES;
				ONLY_ACTIVE_ARCH = YES;
				SDKROOT = iphoneos;
				VERSIONING_SYSTEM = "apple-generic";
				VERSION_INFO_PREFIX = "";
			};
			name = Debug;
		};
		92E92F2A2473251400762F49 /* Release */ = {
			isa = XCBuildConfiguration;
			buildSettings = {
				ALWAYS_SEARCH_USER_PATHS = NO;
				CLANG_ANALYZER_NONNULL = YES;
				CLANG_ANALYZER_NUMBER_OBJECT_CONVERSION = YES_AGGRESSIVE;
				CLANG_CXX_LANGUAGE_STANDARD = "gnu++14";
				CLANG_CXX_LIBRARY = "libc++";
				CLANG_ENABLE_MODULES = YES;
				CLANG_ENABLE_OBJC_ARC = YES;
				CLANG_ENABLE_OBJC_WEAK = YES;
				CLANG_WARN_BLOCK_CAPTURE_AUTORELEASING = YES;
				CLANG_WARN_BOOL_CONVERSION = YES;
				CLANG_WARN_COMMA = YES;
				CLANG_WARN_CONSTANT_CONVERSION = YES;
				CLANG_WARN_DEPRECATED_OBJC_IMPLEMENTATIONS = YES;
				CLANG_WARN_DIRECT_OBJC_ISA_USAGE = YES_ERROR;
				CLANG_WARN_DOCUMENTATION_COMMENTS = YES;
				CLANG_WARN_EMPTY_BODY = YES;
				CLANG_WARN_ENUM_CONVERSION = YES;
				CLANG_WARN_INFINITE_RECURSION = YES;
				CLANG_WARN_INT_CONVERSION = YES;
				CLANG_WARN_NON_LITERAL_NULL_CONVERSION = YES;
				CLANG_WARN_OBJC_IMPLICIT_RETAIN_SELF = YES;
				CLANG_WARN_OBJC_LITERAL_CONVERSION = YES;
				CLANG_WARN_OBJC_ROOT_CLASS = YES_ERROR;
				CLANG_WARN_RANGE_LOOP_ANALYSIS = YES;
				CLANG_WARN_STRICT_PROTOTYPES = YES;
				CLANG_WARN_SUSPICIOUS_MOVE = YES;
				CLANG_WARN_UNGUARDED_AVAILABILITY = YES_AGGRESSIVE;
				CLANG_WARN_UNREACHABLE_CODE = YES;
				CLANG_WARN__DUPLICATE_METHOD_MATCH = YES;
				COPY_PHASE_STRIP = NO;
				CURRENT_PROJECT_VERSION = 1;
				DEBUG_INFORMATION_FORMAT = "dwarf-with-dsym";
				ENABLE_NS_ASSERTIONS = NO;
				ENABLE_STRICT_OBJC_MSGSEND = YES;
				GCC_C_LANGUAGE_STANDARD = gnu11;
				GCC_NO_COMMON_BLOCKS = YES;
				GCC_WARN_64_TO_32_BIT_CONVERSION = YES;
				GCC_WARN_ABOUT_RETURN_TYPE = YES_ERROR;
				GCC_WARN_UNDECLARED_SELECTOR = YES;
				GCC_WARN_UNINITIALIZED_AUTOS = YES_AGGRESSIVE;
				GCC_WARN_UNUSED_FUNCTION = YES;
				GCC_WARN_UNUSED_VARIABLE = YES;
				IPHONEOS_DEPLOYMENT_TARGET = 13.2;
				MTL_ENABLE_DEBUG_INFO = NO;
				MTL_FAST_MATH = YES;
				SDKROOT = iphoneos;
				VALIDATE_PRODUCT = YES;
				VERSIONING_SYSTEM = "apple-generic";
				VERSION_INFO_PREFIX = "";
			};
			name = Release;
		};
		92E92F2C2473251400762F49 /* Debug */ = {
			isa = XCBuildConfiguration;
			baseConfigurationReference = AC386031E121878579F81B8F /* Pods-imseal-ios.debug.xcconfig */;
			buildSettings = {
				CODE_SIGN_STYLE = Automatic;
				DEFINES_MODULE = YES;
				DEVELOPMENT_TEAM = WZMMZ9FP6W;
				DYLIB_COMPATIBILITY_VERSION = 1;
				DYLIB_CURRENT_VERSION = 1;
				DYLIB_INSTALL_NAME_BASE = "@rpath";
				INFOPLIST_FILE = "imseal-ios/Info.plist";
				INSTALL_PATH = "$(LOCAL_LIBRARY_DIR)/Frameworks";
				LD_RUNPATH_SEARCH_PATHS = (
					"$(inherited)",
					"@executable_path/Frameworks",
					"@loader_path/Frameworks",
				);
				PRODUCT_BUNDLE_IDENTIFIER = "com.inmobise.imseal-ios";
				PRODUCT_NAME = "$(TARGET_NAME:c99extidentifier)";
				SKIP_INSTALL = YES;
				TARGETED_DEVICE_FAMILY = "1,2";
			};
			name = Debug;
		};
		92E92F2D2473251400762F49 /* Release */ = {
			isa = XCBuildConfiguration;
			baseConfigurationReference = 923BBA56C31E2CC5FCE462A7 /* Pods-imseal-ios.release.xcconfig */;
			buildSettings = {
				CODE_SIGN_STYLE = Automatic;
				DEFINES_MODULE = YES;
				DEVELOPMENT_TEAM = WZMMZ9FP6W;
				DYLIB_COMPATIBILITY_VERSION = 1;
				DYLIB_CURRENT_VERSION = 1;
				DYLIB_INSTALL_NAME_BASE = "@rpath";
				INFOPLIST_FILE = "imseal-ios/Info.plist";
				INSTALL_PATH = "$(LOCAL_LIBRARY_DIR)/Frameworks";
				LD_RUNPATH_SEARCH_PATHS = (
					"$(inherited)",
					"@executable_path/Frameworks",
					"@loader_path/Frameworks",
				);
				PRODUCT_BUNDLE_IDENTIFIER = "com.inmobise.imseal-ios";
				PRODUCT_NAME = "$(TARGET_NAME:c99extidentifier)";
				SKIP_INSTALL = YES;
				TARGETED_DEVICE_FAMILY = "1,2";
			};
			name = Release;
		};
		92E92F492473253B00762F49 /* Debug */ = {
			isa = XCBuildConfiguration;
			baseConfigurationReference = 670584EC77A8D22B0DD4A4AB /* Pods-imseal-testapp.debug.xcconfig */;
			buildSettings = {
				ASSETCATALOG_COMPILER_APPICON_NAME = AppIcon;
				CODE_SIGN_STYLE = Automatic;
				DEVELOPMENT_TEAM = WZMMZ9FP6W;
				INFOPLIST_FILE = "imseal-testapp/Info.plist";
				LD_RUNPATH_SEARCH_PATHS = (
					"$(inherited)",
					"@executable_path/Frameworks",
				);
				PRODUCT_BUNDLE_IDENTIFIER = "com.inmobise.imseal-testapp";
				PRODUCT_NAME = "$(TARGET_NAME)";
				TARGETED_DEVICE_FAMILY = "1,2";
			};
			name = Debug;
		};
		92E92F4A2473253B00762F49 /* Release */ = {
			isa = XCBuildConfiguration;
			baseConfigurationReference = C1261992B6B3E778606C748D /* Pods-imseal-testapp.release.xcconfig */;
			buildSettings = {
				ASSETCATALOG_COMPILER_APPICON_NAME = AppIcon;
				CODE_SIGN_STYLE = Automatic;
				DEVELOPMENT_TEAM = WZMMZ9FP6W;
				INFOPLIST_FILE = "imseal-testapp/Info.plist";
				LD_RUNPATH_SEARCH_PATHS = (
					"$(inherited)",
					"@executable_path/Frameworks",
				);
				PRODUCT_BUNDLE_IDENTIFIER = "com.inmobise.imseal-testapp";
				PRODUCT_NAME = "$(TARGET_NAME)";
				TARGETED_DEVICE_FAMILY = "1,2";
			};
			name = Release;
		};
/* End XCBuildConfiguration section */

/* Begin XCConfigurationList section */
		92E92F1D2473251300762F49 /* Build configuration list for PBXProject "imseal-ios" */ = {
			isa = XCConfigurationList;
			buildConfigurations = (
				92E92F292473251400762F49 /* Debug */,
				92E92F2A2473251400762F49 /* Release */,
			);
			defaultConfigurationIsVisible = 0;
			defaultConfigurationName = Release;
		};
		92E92F2B2473251400762F49 /* Build configuration list for PBXNativeTarget "imseal-ios" */ = {
			isa = XCConfigurationList;
			buildConfigurations = (
				92E92F2C2473251400762F49 /* Debug */,
				92E92F2D2473251400762F49 /* Release */,
			);
			defaultConfigurationIsVisible = 0;
			defaultConfigurationName = Release;
		};
		92E92F482473253B00762F49 /* Build configuration list for PBXNativeTarget "imseal-testapp" */ = {
			isa = XCConfigurationList;
			buildConfigurations = (
				92E92F492473253B00762F49 /* Debug */,
				92E92F4A2473253B00762F49 /* Release */,
			);
			defaultConfigurationIsVisible = 0;
			defaultConfigurationName = Release;
		};
/* End XCConfigurationList section */
	};
	rootObject = 92E92F1A2473251300762F49 /* Project object */;
}
